
Microsoft Visual Studio Solution File, Format Version 12.00
# Visual Studio Version 16
VisualStudioVersion = 16.0.28606.126
MinimumVisualStudioVersion = 10.0.40219.1
Project("{FAE04EC0-301F-11D3-BF4B-00C04F79EFBC}") = "gaoluobackend", "..\gaoluobackend\gaoluobackend.csproj", "{D5B2787B-53C2-4A14-AD25-35D728CE37F7}"
EndProject
Global
	GlobalSection(SolutionConfigurationPlatforms) = preSolution
		Debug|Any CPU = Debug|Any CPU
		Release|Any CPU = Release|Any CPU
	EndGlobalSection
	GlobalSection(ProjectConfigurationPlatforms) = postSolution
		{D5B2787B-53C2-4A14-AD25-35D728CE37F7}.Debug|Any CPU.ActiveCfg = Debug|Any CPU
		{D5B2787B-53C2-4A14-AD25-35D728CE37F7}.Debug|Any CPU.Build.0 = Debug|Any CPU
		{D5B2787B-53C2-4A14-AD25-35D728CE37F7}.Release|Any CPU.ActiveCfg = Release|Any CPU
		{D5B2787B-53C2-4A14-AD25-35D728CE37F7}.Release|Any CPU.Build.0 = Release|Any CPU
	EndGlobalSection
	GlobalSection(SolutionProperties) = preSolution
		HideSolutionNode = FALSE
	EndGlobalSection
	GlobalSection(ExtensibilityGlobals) = postSolution
		SolutionGuid = {8FA6E3E3-B5DA-4064-8B52-77777A311F93}
	EndGlobalSection
EndGlobal
